
Microsoft Visual Studio Solution File, Format Version 11.00
# Visual Studio 2010
Project("{8BC9CEB8-8B4A-11D0-8D11-00A0C91BC942}") = "symbolic_attacker", "symbolic_attacker\symbolic_attacker.vcxproj", "{FBF59AC7-E6C2-4418-9F74-5B69EED4563B}"
EndProject
Global
	GlobalSection(SolutionConfigurationPlatforms) = preSolution
		Debug|Win32 = Debug|Win32
		Release|Win32 = Release|Win32
	EndGlobalSection
	GlobalSection(ProjectConfigurationPlatforms) = postSolution
		{FBF59AC7-E6C2-4418-9F74-5B69EED4563B}.Debug|Win32.ActiveCfg = Debug|Win32
		{FBF59AC7-E6C2-4418-9F74-5B69EED4563B}.Debug|Win32.Build.0 = Debug|Win32
		{FBF59AC7-E6C2-4418-9F74-5B69EED4563B}.Release|Win32.ActiveCfg = Release|Win32
		{FBF59AC7-E6C2-4418-9F74-5B69EED4563B}.Release|Win32.Build.0 = Release|Win32
	EndGlobalSection
	GlobalSection(SolutionProperties) = preSolution
		HideSolutionNode = FALSE
	EndGlobalSection
EndGlobal
